// !$*UTF8*$!
{
	archiveVersion = 1;
	classes = {
	};
	objectVersion = 56;
	objects = {

/* Begin PBXBuildFile section */
		EC87610E29F250EC00106C9F /* AppDelegate.swift in Sources */ = {isa = PBXBuildFile; fileRef = EC87610D29F250EC00106C9F /* AppDelegate.swift */; };
		EC87611029F250EC00106C9F /* SceneDelegate.swift in Sources */ = {isa = PBXBuildFile; fileRef = EC87610F29F250EC00106C9F /* SceneDelegate.swift */; };
		EC87611229F250EC00106C9F /* ViewController.swift in Sources */ = {isa = PBXBuildFile; fileRef = EC87611129F250EC00106C9F /* ViewController.swift */; };
		EC87611529F250EC00106C9F /* Main.storyboard in Resources */ = {isa = PBXBuildFile; fileRef = EC87611329F250EC00106C9F /* Main.storyboard */; };
		EC87611729F250EE00106C9F /* Assets.xcassets in Resources */ = {isa = PBXBuildFile; fileRef = EC87611629F250EE00106C9F /* Assets.xcassets */; };
		EC87611A29F250EE00106C9F /* LaunchScreen.storyboard in Resources */ = {isa = PBXBuildFile; fileRef = EC87611829F250EE00106C9F /* LaunchScreen.storyboard */; };
		EC87612529F250EE00106C9F /* Increment_and_DecrementTests.swift in Sources */ = {isa = PBXBuildFile; fileRef = EC87612429F250EE00106C9F /* Increment_and_DecrementTests.swift */; };
		EC87612F29F250EE00106C9F /* Increment_and_DecrementUITests.swift in Sources */ = {isa = PBXBuildFile; fileRef = EC87612E29F250EE00106C9F /* Increment_and_DecrementUITests.swift */; };
		EC87613129F250EE00106C9F /* Increment_and_DecrementUITestsLaunchTests.swift in Sources */ = {isa = PBXBuildFile; fileRef = EC87613029F250EE00106C9F /* Increment_and_DecrementUITestsLaunchTests.swift */; };
/* End PBXBuildFile section */

/* Begin PBXContainerItemProxy section */
		EC87612129F250EE00106C9F /* PBXContainerItemProxy */ = {
			isa = PBXContainerItemProxy;
			containerPortal = EC87610229F250EC00106C9F /* Project object */;
			proxyType = 1;
			remoteGlobalIDString = EC87610929F250EC00106C9F;
			remoteInfo = "Increment and Decrement";
		};
		EC87612B29F250EE00106C9F /* PBXContainerItemProxy */ = {
			isa = PBXContainerItemProxy;
			containerPortal = EC87610229F250EC00106C9F /* Project object */;
			proxyType = 1;
			remoteGlobalIDString = EC87610929F250EC00106C9F;
			remoteInfo = "Increment and Decrement";
		};
/* End PBXContainerItemProxy section */

/* Begin PBXFileReference section */
		EC87610A29F250EC00106C9F /* Increment and Decrement.app */ = {isa = PBXFileReference; explicitFileType = wrapper.application; includeInIndex = 0; path = "Increment and Decrement.app"; sourceTree = BUILT_PRODUCTS_DIR; };
		EC87610D29F250EC00106C9F /* AppDelegate.swift */ = {isa = PBXFileReference; lastKnownFileType = sourcecode.swift; path = AppDelegate.swift; sourceTree = "<group>"; };
		EC87610F29F250EC00106C9F /* SceneDelegate.swift */ = {isa = PBXFileReference; lastKnownFileType = sourcecode.swift; path = SceneDelegate.swift; sourceTree = "<group>"; };
		EC87611129F250EC00106C9F /* ViewController.swift */ = {isa = PBXFileReference; lastKnownFileType = sourcecode.swift; path = ViewController.swift; sourceTree = "<group>"; };
		EC87611429F250EC00106C9F /* Base */ = {isa = PBXFileReference; lastKnownFileType = file.storyboard; name = Base; path = Base.lproj/Main.storyboard; sourceTree = "<group>"; };
		EC87611629F250EE00106C9F /* Assets.xcassets */ = {isa = PBXFileReference; lastKnownFileType = folder.assetcatalog; path = Assets.xcassets; sourceTree = "<group>"; };
		EC87611929F250EE00106C9F /* Base */ = {isa = PBXFileReference; lastKnownFileType = file.storyboard; name = Base; path = Base.lproj/LaunchScreen.storyboard; sourceTree = "<group>"; };
		EC87611B29F250EE00106C9F /* Info.plist */ = {isa = PBXFileReference; lastKnownFileType = text.plist.xml; path = Info.plist; sourceTree = "<group>"; };
		EC87612029F250EE00106C9F /* Increment and DecrementTests.xctest */ = {isa = PBXFileReference; explicitFileType = wrapper.cfbundle; includeInIndex = 0; path = "Increment and DecrementTests.xctest"; sourceTree = BUILT_PRODUCTS_DIR; };
		EC87612429F250EE00106C9F /* Increment_and_DecrementTests.swift */ = {isa = PBXFileReference; lastKnownFileType = sourcecode.swift; path = Increment_and_DecrementTests.swift; sourceTree = "<group>"; };
		EC87612A29F250EE00106C9F /* Increment and DecrementUITests.xctest */ = {isa = PBXFileReference; explicitFileType = wrapper.cfbundle; includeInIndex = 0; path = "Increment and DecrementUITests.xctest"; sourceTree = BUILT_PRODUCTS_DIR; };
		EC87612E29F250EE00106C9F /* Increment_and_DecrementUITests.swift */ = {isa = PBXFileReference; lastKnownFileType = sourcecode.swift; path = Increment_and_DecrementUITests.swift; sourceTree = "<group>"; };
		EC87613029F250EE00106C9F /* Increment_and_DecrementUITestsLaunchTests.swift */ = {isa = PBXFileReference; lastKnownFileType = sourcecode.swift; path = Increment_and_DecrementUITestsLaunchTests.swift; sourceTree = "<group>"; };
/* End PBXFileReference section */

/* Begin PBXFrameworksBuildPhase section */
		EC87610729F250EC00106C9F /* Frameworks */ = {
			isa = PBXFrameworksBuildPhase;
			buildActionMask = 2147483647;
			files = (
			);
			runOnlyForDeploymentPostprocessing = 0;
		};
		EC87611D29F250EE00106C9F /* Frameworks */ = {
			isa = PBXFrameworksBuildPhase;
			buildActionMask = 2147483647;
			files = (
			);
			runOnlyForDeploymentPostprocessing = 0;
		};
		EC87612729F250EE00106C9F /* Frameworks */ = {
			isa = PBXFrameworksBuildPhase;
			buildActionMask = 2147483647;
			files = (
			);
			runOnlyForDeploymentPostprocessing = 0;
		};
/* End PBXFrameworksBuildPhase section */

/* Begin PBXGroup section */
		EC87610129F250EC00106C9F = {
			isa = PBXGroup;
			children = (
				EC87610C29F250EC00106C9F /* Increment and Decrement */,
				EC87612329F250EE00106C9F /* Increment and DecrementTests */,
				EC87612D29F250EE00106C9F /* Increment and DecrementUITests */,
				EC87610B29F250EC00106C9F /* Products */,
			);
			sourceTree = "<group>";
		};
		EC87610B29F250EC00106C9F /* Products */ = {
			isa = PBXGroup;
			children = (
				EC87610A29F250EC00106C9F /* Increment and Decrement.app */,
				EC87612029F250EE00106C9F /* Increment and DecrementTests.xctest */,
				EC87612A29F250EE00106C9F /* Increment and DecrementUITests.xctest */,
			);
			name = Products;
			sourceTree = "<group>";
		};
		EC87610C29F250EC00106C9F /* Increment and Decrement */ = {
			isa = PBXGroup;
			children = (
				EC87610D29F250EC00106C9F /* AppDelegate.swift */,
				EC87610F29F250EC00106C9F /* SceneDelegate.swift */,
				EC87611129F250EC00106C9F /* ViewController.swift */,
				EC87611329F250EC00106C9F /* Main.storyboard */,
				EC87611629F250EE00106C9F /* Assets.xcassets */,
				EC87611829F250EE00106C9F /* LaunchScreen.storyboard */,
				EC87611B29F250EE00106C9F /* Info.plist */,
			);
			path = "Increment and Decrement";
			sourceTree = "<group>";
		};
		EC87612329F250EE00106C9F /* Increment and DecrementTests */ = {
			isa = PBXGroup;
			children = (
				EC87612429F250EE00106C9F /* Increment_and_DecrementTests.swift */,
			);
			path = "Increment and DecrementTests";
			sourceTree = "<group>";
		};
		EC87612D29F250EE00106C9F /* Increment and DecrementUITests */ = {
			isa = PBXGroup;
			children = (
				EC87612E29F250EE00106C9F /* Increment_and_DecrementUITests.swift */,
				EC87613029F250EE00106C9F /* Increment_and_DecrementUITestsLaunchTests.swift */,
			);
			path = "Increment and DecrementUITests";
			sourceTree = "<group>";
		};
/* End PBXGroup section */

/* Begin PBXNativeTarget section */
		EC87610929F250EC00106C9F /* Increment and Decrement */ = {
			isa = PBXNativeTarget;
			buildConfigurationList = EC87613429F250EE00106C9F /* Build configuration list for PBXNativeTarget "Increment and Decrement" */;
			buildPhases = (
				EC87610629F250EC00106C9F /* Sources */,
				EC87610729F250EC00106C9F /* Frameworks */,
				EC87610829F250EC00106C9F /* Resources */,
			);
			buildRules = (
			);
			dependencies = (
			);
			name = "Increment and Decrement";
			productName = "Increment and Decrement";
			productReference = EC87610A29F250EC00106C9F /* Increment and Decrement.app */;
			productType = "com.apple.product-type.application";
		};
		EC87611F29F250EE00106C9F /* Increment and DecrementTests */ = {
			isa = PBXNativeTarget;
			buildConfigurationList = EC87613729F250EE00106C9F /* Build configuration list for PBXNativeTarget "Increment and DecrementTests" */;
			buildPhases = (
				EC87611C29F250EE00106C9F /* Sources */,
				EC87611D29F250EE00106C9F /* Frameworks */,
				EC87611E29F250EE00106C9F /* Resources */,
			);
			buildRules = (
			);
			dependencies = (
				EC87612229F250EE00106C9F /* PBXTargetDependency */,
			);
			name = "Increment and DecrementTests";
			productName = "Increment and DecrementTests";
			productReference = EC87612029F250EE00106C9F /* Increment and DecrementTests.xctest */;
			productType = "com.apple.product-type.bundle.unit-test";
		};
		EC87612929F250EE00106C9F /* Increment and DecrementUITests */ = {
			isa = PBXNativeTarget;
			buildConfigurationList = EC87613A29F250EE00106C9F /* Build configuration list for PBXNativeTarget "Increment and DecrementUITests" */;
			buildPhases = (
				EC87612629F250EE00106C9F /* Sources */,
				EC87612729F250EE00106C9F /* Frameworks */,
				EC87612829F250EE00106C9F /* Resources */,
			);
			buildRules = (
			);
			dependencies = (
				EC87612C29F250EE00106C9F /* PBXTargetDependency */,
			);
			name = "Increment and DecrementUITests";
			productName = "Increment and DecrementUITests";
			productReference = EC87612A29F250EE00106C9F /* Increment and DecrementUITests.xctest */;
			productType = "com.apple.product-type.bundle.ui-testing";
		};
/* End PBXNativeTarget section */

/* Begin PBXProject section */
		EC87610229F250EC00106C9F /* Project object */ = {
			isa = PBXProject;
			attributes = {
				BuildIndependentTargetsInParallel = 1;
				LastSwiftUpdateCheck = 1410;
				LastUpgradeCheck = 1410;
				TargetAttributes = {
					EC87610929F250EC00106C9F = {
						CreatedOnToolsVersion = 14.1;
					};
					EC87611F29F250EE00106C9F = {
						CreatedOnToolsVersion = 14.1;
						TestTargetID = EC87610929F250EC00106C9F;
					};
					EC87612929F250EE00106C9F = {
						CreatedOnToolsVersion = 14.1;
						TestTargetID = EC87610929F250EC00106C9F;
					};
				};
			};
			buildConfigurationList = EC87610529F250EC00106C9F /* Build configuration list for PBXProject "Increment and Decrement" */;
			compatibilityVersion = "Xcode 14.0";
			developmentRegion = en;
			hasScannedForEncodings = 0;
			knownRegions = (
				en,
				Base,
			);
			mainGroup = EC87610129F250EC00106C9F;
			productRefGroup = EC87610B29F250EC00106C9F /* Products */;
			projectDirPath = "";
			projectRoot = "";
			targets = (
				EC87610929F250EC00106C9F /* Increment and Decrement */,
				EC87611F29F250EE00106C9F /* Increment and DecrementTests */,
				EC87612929F250EE00106C9F /* Increment and DecrementUITests */,
			);
		};
/* End PBXProject section */

/* Begin PBXResourcesBuildPhase section */
		EC87610829F250EC00106C9F /* Resources */ = {
			isa = PBXResourcesBuildPhase;
			buildActionMask = 2147483647;
			files = (
				EC87611A29F250EE00106C9F /* LaunchScreen.storyboard in Resources */,
				EC87611729F250EE00106C9F /* Assets.xcassets in Resources */,
				EC87611529F250EC00106C9F /* Main.storyboard in Resources */,
			);
			runOnlyForDeploymentPostprocessing = 0;
		};
		EC87611E29F250EE00106C9F /* Resources */ = {
			isa = PBXResourcesBuildPhase;
			buildActionMask = 2147483647;
			files = (
			);
			runOnlyForDeploymentPostprocessing = 0;
		};
		EC87612829F250EE00106C9F /* Resources */ = {
			isa = PBXResourcesBuildPhase;
			buildActionMask = 2147483647;
			files = (
			);
			runOnlyForDeploymentPostprocessing = 0;
		};
/* End PBXResourcesBuildPhase section */

/* Begin PBXSourcesBuildPhase section */
		EC87610629F250EC00106C9F /* Sources */ = {
			isa = PBXSourcesBuildPhase;
			buildActionMask = 2147483647;
			files = (
				EC87611229F250EC00106C9F /* ViewController.swift in Sources */,
				EC87610E29F250EC00106C9F /* AppDelegate.swift in Sources */,
				EC87611029F250EC00106C9F /* SceneDelegate.swift in Sources */,
			);
			runOnlyForDeploymentPostprocessing = 0;
		};
		EC87611C29F250EE00106C9F /* Sources */ = {
			isa = PBXSourcesBuildPhase;
			buildActionMask = 2147483647;
			files = (
				EC87612529F250EE00106C9F /* Increment_and_DecrementTests.swift in Sources */,
			);
			runOnlyForDeploymentPostprocessing = 0;
		};
		EC87612629F250EE00106C9F /* Sources */ = {
			isa = PBXSourcesBuildPhase;
			buildActionMask = 2147483647;
			files = (
				EC87613129F250EE00106C9F /* Increment_and_DecrementUITestsLaunchTests.swift in Sources */,
				EC87612F29F250EE00106C9F /* Increment_and_DecrementUITests.swift in Sources */,
			);
			runOnlyForDeploymentPostprocessing = 0;
		};
/* End PBXSourcesBuildPhase section */

/* Begin PBXTargetDependency section */
		EC87612229F250EE00106C9F /* PBXTargetDependency */ = {
			isa = PBXTargetDependency;
			target = EC87610929F250EC00106C9F /* Increment and Decrement */;
			targetProxy = EC87612129F250EE00106C9F /* PBXContainerItemProxy */;
		};
		EC87612C29F250EE00106C9F /* PBXTargetDependency */ = {
			isa = PBXTargetDependency;
			target = EC87610929F250EC00106C9F /* Increment and Decrement */;
			targetProxy = EC87612B29F250EE00106C9F /* PBXContainerItemProxy */;
		};
/* End PBXTargetDependency section */

/* Begin PBXVariantGroup section */
		EC87611329F250EC00106C9F /* Main.storyboard */ = {
			isa = PBXVariantGroup;
			children = (
				EC87611429F250EC00106C9F /* Base */,
			);
			name = Main.storyboard;
			sourceTree = "<group>";
		};
		EC87611829F250EE00106C9F /* LaunchScreen.storyboard */ = {
			isa = PBXVariantGroup;
			children = (
				EC87611929F250EE00106C9F /* Base */,
			);
			name = LaunchScreen.storyboard;
			sourceTree = "<group>";
		};
/* End PBXVariantGroup section */

/* Begin XCBuildConfiguration section */
		EC87613229F250EE00106C9F /* Debug */ = {
			isa = XCBuildConfiguration;
			buildSettings = {
				ALWAYS_SEARCH_USER_PATHS = NO;
				CLANG_ANALYZER_NONNULL = YES;
				CLANG_ANALYZER_NUMBER_OBJECT_CONVERSION = YES_AGGRESSIVE;
				CLANG_CXX_LANGUAGE_STANDARD = "gnu++20";
				CLANG_ENABLE_MODULES = YES;
				CLANG_ENABLE_OBJC_ARC = YES;
				CLANG_ENABLE_OBJC_WEAK = YES;
				CLANG_WARN_BLOCK_CAPTURE_AUTORELEASING = YES;
				CLANG_WARN_BOOL_CONVERSION = YES;
				CLANG_WARN_COMMA = YES;
				CLANG_WARN_CONSTANT_CONVERSION = YES;
				CLANG_WARN_DEPRECATED_OBJC_IMPLEMENTATIONS = YES;
				CLANG_WARN_DIRECT_OBJC_ISA_USAGE = YES_ERROR;
				CLANG_WARN_DOCUMENTATION_COMMENTS = YES;
				CLANG_WARN_EMPTY_BODY = YES;
				CLANG_WARN_ENUM_CONVERSION = YES;
				CLANG_WARN_INFINITE_RECURSION = YES;
				CLANG_WARN_INT_CONVERSION = YES;
				CLANG_WARN_NON_LITERAL_NULL_CONVERSION = YES;
				CLANG_WARN_OBJC_IMPLICIT_RETAIN_SELF = YES;
				CLANG_WARN_OBJC_LITERAL_CONVERSION = YES;
				CLANG_WARN_OBJC_ROOT_CLASS = YES_ERROR;
				CLANG_WARN_QUOTED_INCLUDE_IN_FRAMEWORK_HEADER = YES;
				CLANG_WARN_RANGE_LOOP_ANALYSIS = YES;
				CLANG_WARN_STRICT_PROTOTYPES = YES;
				CLANG_WARN_SUSPICIOUS_MOVE = YES;
				CLANG_WARN_UNGUARDED_AVAILABILITY = YES_AGGRESSIVE;
				CLANG_WARN_UNREACHABLE_CODE = YES;
				CLANG_WARN__DUPLICATE_METHOD_MATCH = YES;
				COPY_PHASE_STRIP = NO;
				DEBUG_INFORMATION_FORMAT = dwarf;
				ENABLE_STRICT_OBJC_MSGSEND = YES;
				ENABLE_TESTABILITY = YES;
				GCC_C_LANGUAGE_STANDARD = gnu11;
				GCC_DYNAMIC_NO_PIC = NO;
				GCC_NO_COMMON_BLOCKS = YES;
				GCC_OPTIMIZATION_LEVEL = 0;
				GCC_PREPROCESSOR_DEFINITIONS = (
					"DEBUG=1",
					"$(inherited)",
				);
				GCC_WARN_64_TO_32_BIT_CONVERSION = YES;
				GCC_WARN_ABOUT_RETURN_TYPE = YES_ERROR;
				GCC_WARN_UNDECLARED_SELECTOR = YES;
				GCC_WARN_UNINITIALIZED_AUTOS = YES_AGGRESSIVE;
				GCC_WARN_UNUSED_FUNCTION = YES;
				GCC_WARN_UNUSED_VARIABLE = YES;
				IPHONEOS_DEPLOYMENT_TARGET = 16.1;
				MTL_ENABLE_DEBUG_INFO = INCLUDE_SOURCE;
				MTL_FAST_MATH = YES;
				ONLY_ACTIVE_ARCH = YES;
				SDKROOT = iphoneos;
				SWIFT_ACTIVE_COMPILATION_CONDITIONS = DEBUG;
				SWIFT_OPTIMIZATION_LEVEL = "-Onone";
			};
			name = Debug;
		};
		EC87613329F250EE00106C9F /* Release */ = {
			isa = XCBuildConfiguration;
			buildSettings = {
				ALWAYS_SEARCH_USER_PATHS = NO;
				CLANG_ANALYZER_NONNULL = YES;
				CLANG_ANALYZER_NUMBER_OBJECT_CONVERSION = YES_AGGRESSIVE;
				CLANG_CXX_LANGUAGE_STANDARD = "gnu++20";
				CLANG_ENABLE_MODULES = YES;
				CLANG_ENABLE_OBJC_ARC = YES;
				CLANG_ENABLE_OBJC_WEAK = YES;
				CLANG_WARN_BLOCK_CAPTURE_AUTORELEASING = YES;
				CLANG_WARN_BOOL_CONVERSION = YES;
				CLANG_WARN_COMMA = YES;
				CLANG_WARN_CONSTANT_CONVERSION = YES;
				CLANG_WARN_DEPRECATED_OBJC_IMPLEMENTATIONS = YES;
				CLANG_WARN_DIRECT_OBJC_ISA_USAGE = YES_ERROR;
				CLANG_WARN_DOCUMENTATION_COMMENTS = YES;
				CLANG_WARN_EMPTY_BODY = YES;
				CLANG_WARN_ENUM_CONVERSION = YES;
				CLANG_WARN_INFINITE_RECURSION = YES;
				CLANG_WARN_INT_CONVERSION = YES;
				CLANG_WARN_NON_LITERAL_NULL_CONVERSION = YES;
				CLANG_WARN_OBJC_IMPLICIT_RETAIN_SELF = YES;
				CLANG_WARN_OBJC_LITERAL_CONVERSION = YES;
				CLANG_WARN_OBJC_ROOT_CLASS = YES_ERROR;
				CLANG_WARN_QUOTED_INCLUDE_IN_FRAMEWORK_HEADER = YES;
				CLANG_WARN_RANGE_LOOP_ANALYSIS = YES;
				CLANG_WARN_STRICT_PROTOTYPES = YES;
				CLANG_WARN_SUSPICIOUS_MOVE = YES;
				CLANG_WARN_UNGUARDED_AVAILABILITY = YES_AGGRESSIVE;
				CLANG_WARN_UNREACHABLE_CODE = YES;
				CLANG_WARN__DUPLICATE_METHOD_MATCH = YES;
				COPY_PHASE_STRIP = NO;
				DEBUG_INFORMATION_FORMAT = "dwarf-with-dsym";
				ENABLE_NS_ASSERTIONS = NO;
				ENABLE_STRICT_OBJC_MSGSEND = YES;
				GCC_C_LANGUAGE_STANDARD = gnu11;
				GCC_NO_COMMON_BLOCKS = YES;
				GCC_WARN_64_TO_32_BIT_CONVERSION = YES;
				GCC_WARN_ABOUT_RETURN_TYPE = YES_ERROR;
				GCC_WARN_UNDECLARED_SELECTOR = YES;
				GCC_WARN_UNINITIALIZED_AUTOS = YES_AGGRESSIVE;
				GCC_WARN_UNUSED_FUNCTION = YES;
				GCC_WARN_UNUSED_VARIABLE = YES;
				IPHONEOS_DEPLOYMENT_TARGET = 16.1;
				MTL_ENABLE_DEBUG_INFO = NO;
				MTL_FAST_MATH = YES;
				SDKROOT = iphoneos;
				SWIFT_COMPILATION_MODE = wholemodule;
				SWIFT_OPTIMIZATION_LEVEL = "-O";
				VALIDATE_PRODUCT = YES;
			};
			name = Release;
		};
		EC87613529F250EE00106C9F /* Debug */ = {
			isa = XCBuildConfiguration;
			buildSettings = {
				ASSETCATALOG_COMPILER_APPICON_NAME = AppIcon;
				ASSETCATALOG_COMPILER_GLOBAL_ACCENT_COLOR_NAME = AccentColor;
				CODE_SIGN_STYLE = Automatic;
				CURRENT_PROJECT_VERSION = 1;
				GENERATE_INFOPLIST_FILE = YES;
				INFOPLIST_FILE = "Increment and Decrement/Info.plist";
				INFOPLIST_KEY_UIApplicationSupportsIndirectInputEvents = YES;
				INFOPLIST_KEY_UILaunchStoryboardName = LaunchScreen;
				INFOPLIST_KEY_UIMainStoryboardFile = Main;
				INFOPLIST_KEY_UISupportedInterfaceOrientations_iPad = "UIInterfaceOrientationPortrait UIInterfaceOrientationPortraitUpsideDown UIInterfaceOrientationLandscapeLeft UIInterfaceOrientationLandscapeRight";
				INFOPLIST_KEY_UISupportedInterfaceOrientations_iPhone = "UIInterfaceOrientationPortrait UIInterfaceOrientationLandscapeLeft UIInterfaceOrientationLandscapeRight";
				LD_RUNPATH_SEARCH_PATHS = (
					"$(inherited)",
					"@executable_path/Frameworks",
				);
				MARKETING_VERSION = 1.0;
				PRODUCT_BUNDLE_IDENTIFIER = "com.FirstProject.Increment-and-Decrement";
				PRODUCT_NAME = "$(TARGET_NAME)";
				SWIFT_EMIT_LOC_STRINGS = YES;
				SWIFT_VERSION = 5.0;
				TARGETED_DEVICE_FAMILY = "1,2";
			};
			name = Debug;
		};
		EC87613629F250EE00106C9F /* Release */ = {
			isa = XCBuildConfiguration;
			buildSettings = {
				ASSETCATALOG_COMPILER_APPICON_NAME = AppIcon;
				ASSETCATALOG_COMPILER_GLOBAL_ACCENT_COLOR_NAME = AccentColor;
				CODE_SIGN_STYLE = Automatic;
				CURRENT_PROJECT_VERSION = 1;
				GENERATE_INFOPLIST_FILE = YES;
				INFOPLIST_FILE = "Increment and Decrement/Info.plist";
				INFOPLIST_KEY_UIApplicationSupportsIndirectInputEvents = YES;
				INFOPLIST_KEY_UILaunchStoryboardName = LaunchScreen;
				INFOPLIST_KEY_UIMainStoryboardFile = Main;
				INFOPLIST_KEY_UISupportedInterfaceOrientations_iPad = "UIInterfaceOrientationPortrait UIInterfaceOrientationPortraitUpsideDown UIInterfaceOrientationLandscapeLeft UIInterfaceOrientationLandscapeRight";
				INFOPLIST_KEY_UISupportedInterfaceOrientations_iPhone = "UIInterfaceOrientationPortrait UIInterfaceOrientationLandscapeLeft UIInterfaceOrientationLandscapeRight";
				LD_RUNPATH_SEARCH_PATHS = (
					"$(inherited)",
					"@executable_path/Frameworks",
				);
				MARKETING_VERSION = 1.0;
				PRODUCT_BUNDLE_IDENTIFIER = "com.FirstProject.Increment-and-Decrement";
				PRODUCT_NAME = "$(TARGET_NAME)";
				SWIFT_EMIT_LOC_STRINGS = YES;
				SWIFT_VERSION = 5.0;
				TARGETED_DEVICE_FAMILY = "1,2";
			};
			name = Release;
		};
		EC87613829F250EE00106C9F /* Debug */ = {
			isa = XCBuildConfiguration;
			buildSettings = {
				ALWAYS_EMBED_SWIFT_STANDARD_LIBRARIES = YES;
				BUNDLE_LOADER = "$(TEST_HOST)";
				CODE_SIGN_STYLE = Automatic;
				CURRENT_PROJECT_VERSION = 1;
				GENERATE_INFOPLIST_FILE = YES;
				IPHONEOS_DEPLOYMENT_TARGET = 16.1;
				MARKETING_VERSION = 1.0;
				PRODUCT_BUNDLE_IDENTIFIER = "com.FirstProject.Increment-and-DecrementTests";
				PRODUCT_NAME = "$(TARGET_NAME)";
				SWIFT_EMIT_LOC_STRINGS = NO;
				SWIFT_VERSION = 5.0;
				TARGETED_DEVICE_FAMILY = "1,2";
				TEST_HOST = "$(BUILT_PRODUCTS_DIR)/Increment and Decrement.app/$(BUNDLE_EXECUTABLE_FOLDER_PATH)/Increment and Decrement";
			};
			name = Debug;
		};
		EC87613929F250EE00106C9F /* Release */ = {
			isa = XCBuildConfiguration;
			buildSettings = {
				ALWAYS_EMBED_SWIFT_STANDARD_LIBRARIES = YES;
				BUNDLE_LOADER = "$(TEST_HOST)";
				CODE_SIGN_STYLE = Automatic;
				CURRENT_PROJECT_VERSION = 1;
				GENERATE_INFOPLIST_FILE = YES;
				IPHONEOS_DEPLOYMENT_TARGET = 16.1;
				MARKETING_VERSION = 1.0;
				PRODUCT_BUNDLE_IDENTIFIER = "com.FirstProject.Increment-and-DecrementTests";
				PRODUCT_NAME = "$(TARGET_NAME)";
				SWIFT_EMIT_LOC_STRINGS = NO;
				SWIFT_VERSION = 5.0;
				TARGETED_DEVICE_FAMILY = "1,2";
				TEST_HOST = "$(BUILT_PRODUCTS_DIR)/Increment and Decrement.app/$(BUNDLE_EXECUTABLE_FOLDER_PATH)/Increment and Decrement";
			};
			name = Release;
		};
		EC87613B29F250EE00106C9F /* Debug */ = {
			isa = XCBuildConfiguration;
			buildSettings = {
				ALWAYS_EMBED_SWIFT_STANDARD_LIBRARIES = YES;
				CODE_SIGN_STYLE = Automatic;
				CURRENT_PROJECT_VERSION = 1;
				GENERATE_INFOPLIST_FILE = YES;
				MARKETING_VERSION = 1.0;
				PRODUCT_BUNDLE_IDENTIFIER = "com.FirstProject.Increment-and-DecrementUITests";
				PRODUCT_NAME = "$(TARGET_NAME)";
				SWIFT_EMIT_LOC_STRINGS = NO;
				SWIFT_VERSION = 5.0;
				TARGETED_DEVICE_FAMILY = "1,2";
				TEST_TARGET_NAME = "Increment and Decrement";
			};
			name = Debug;
		};
		EC87613C29F250EE00106C9F /* Release */ = {
			isa = XCBuildConfiguration;
			buildSettings = {
				ALWAYS_EMBED_SWIFT_STANDARD_LIBRARIES = YES;
				CODE_SIGN_STYLE = Automatic;
				CURRENT_PROJECT_VERSION = 1;
				GENERATE_INFOPLIST_FILE = YES;
				MARKETING_VERSION = 1.0;
				PRODUCT_BUNDLE_IDENTIFIER = "com.FirstProject.Increment-and-DecrementUITests";
				PRODUCT_NAME = "$(TARGET_NAME)";
				SWIFT_EMIT_LOC_STRINGS = NO;
				SWIFT_VERSION = 5.0;
				TARGETED_DEVICE_FAMILY = "1,2";
				TEST_TARGET_NAME = "Increment and Decrement";
			};
			name = Release;
		};
/* End XCBuildConfiguration section */

/* Begin XCConfigurationList section */
		EC87610529F250EC00106C9F /* Build configuration list for PBXProject "Increment and Decrement" */ = {
			isa = XCConfigurationList;
			buildConfigurations = (
				EC87613229F250EE00106C9F /* Debug */,
				EC87613329F250EE00106C9F /* Release */,
			);
			defaultConfigurationIsVisible = 0;
			defaultConfigurationName = Release;
		};
		EC87613429F250EE00106C9F /* Build configuration list for PBXNativeTarget "Increment and Decrement" */ = {
			isa = XCConfigurationList;
			buildConfigurations = (
				EC87613529F250EE00106C9F /* Debug */,
				EC87613629F250EE00106C9F /* Release */,
			);
			defaultConfigurationIsVisible = 0;
			defaultConfigurationName = Release;
		};
		EC87613729F250EE00106C9F /* Build configuration list for PBXNativeTarget "Increment and DecrementTests" */ = {
			isa = XCConfigurationList;
			buildConfigurations = (
				EC87613829F250EE00106C9F /* Debug */,
				EC87613929F250EE00106C9F /* Release */,
			);
			defaultConfigurationIsVisible = 0;
			defaultConfigurationName = Release;
		};
		EC87613A29F250EE00106C9F /* Build configuration list for PBXNativeTarget "Increment and DecrementUITests" */ = {
			isa = XCConfigurationList;
			buildConfigurations = (
				EC87613B29F250EE00106C9F /* Debug */,
				EC87613C29F250EE00106C9F /* Release */,
			);
			defaultConfigurationIsVisible = 0;
			defaultConfigurationName = Release;
		};
/* End XCConfigurationList section */
	};
	rootObject = EC87610229F250EC00106C9F /* Project object */;
}
